
Microsoft Visual Studio Solution File, Format Version 12.00
# Visual Studio Version 17
VisualStudioVersion = 17.5.002.0
MinimumVisualStudioVersion = 10.0.40219.1
Project("{9A19103F-16F7-4668-BE54-9A1E7A4F7556}") = "PaymentProcessing", "PaymentProcessing\PaymentProcessing.csproj", "{16C766B5-57E2-45E0-A597-B617A17F4576}"
EndProject
Project("{9A19103F-16F7-4668-BE54-9A1E7A4F7556}") = "UserManagement", "UserManagement\UserManagement.csproj", "{C7D16797-B649-4C5B-AAE4-7F4D96FAD59F}"
EndProject
Project("{9A19103F-16F7-4668-BE54-9A1E7A4F7556}") = "ProductCatalog", "ProductCatalog\ProductCatalog.csproj", "{6AAABA11-2DEA-4CCE-B47B-594F7C6550D3}"
EndProject
Project("{9A19103F-16F7-4668-BE54-9A1E7A4F7556}") = "OrderManagement", "OrderManagement\OrderManagement.csproj", "{D968D960-56A9-435E-A7F3-94473AB09D9C}"
EndProject
Project("{9A19103F-16F7-4668-BE54-9A1E7A4F7556}") = "ShoppingCart", "ShoppingCart\ShoppingCart.csproj", "{5E421E7C-E234-4A50-8BAC-661C8DE91D67}"
EndProject
Project("{9A19103F-16F7-4668-BE54-9A1E7A4F7556}") = "ApiGateway", "ApiGateway\ApiGateway.csproj", "{50BE6842-26A2-4462-9321-A9B6AF608B5D}"
EndProject
Global
	GlobalSection(SolutionConfigurationPlatforms) = preSolution
		Debug|Any CPU = Debug|Any CPU
		Release|Any CPU = Release|Any CPU
	EndGlobalSection
	GlobalSection(ProjectConfigurationPlatforms) = postSolution
		{16C766B5-57E2-45E0-A597-B617A17F4576}.Debug|Any CPU.ActiveCfg = Debug|Any CPU
		{16C766B5-57E2-45E0-A597-B617A17F4576}.Debug|Any CPU.Build.0 = Debug|Any CPU
		{16C766B5-57E2-45E0-A597-B617A17F4576}.Release|Any CPU.ActiveCfg = Release|Any CPU
		{16C766B5-57E2-45E0-A597-B617A17F4576}.Release|Any CPU.Build.0 = Release|Any CPU
		{C7D16797-B649-4C5B-AAE4-7F4D96FAD59F}.Debug|Any CPU.ActiveCfg = Debug|Any CPU
		{C7D16797-B649-4C5B-AAE4-7F4D96FAD59F}.Debug|Any CPU.Build.0 = Debug|Any CPU
		{C7D16797-B649-4C5B-AAE4-7F4D96FAD59F}.Release|Any CPU.ActiveCfg = Release|Any CPU
		{C7D16797-B649-4C5B-AAE4-7F4D96FAD59F}.Release|Any CPU.Build.0 = Release|Any CPU
		{6AAABA11-2DEA-4CCE-B47B-594F7C6550D3}.Debug|Any CPU.ActiveCfg = Debug|Any CPU
		{6AAABA11-2DEA-4CCE-B47B-594F7C6550D3}.Debug|Any CPU.Build.0 = Debug|Any CPU
		{6AAABA11-2DEA-4CCE-B47B-594F7C6550D3}.Release|Any CPU.ActiveCfg = Release|Any CPU
		{6AAABA11-2DEA-4CCE-B47B-594F7C6550D3}.Release|Any CPU.Build.0 = Release|Any CPU
		{D968D960-56A9-435E-A7F3-94473AB09D9C}.Debug|Any CPU.ActiveCfg = Debug|Any CPU
		{D968D960-56A9-435E-A7F3-94473AB09D9C}.Debug|Any CPU.Build.0 = Debug|Any CPU
		{D968D960-56A9-435E-A7F3-94473AB09D9C}.Release|Any CPU.ActiveCfg = Release|Any CPU
		{D968D960-56A9-435E-A7F3-94473AB09D9C}.Release|Any CPU.Build.0 = Release|Any CPU
		{5E421E7C-E234-4A50-8BAC-661C8DE91D67}.Debug|Any CPU.ActiveCfg = Debug|Any CPU
		{5E421E7C-E234-4A50-8BAC-661C8DE91D67}.Debug|Any CPU.Build.0 = Debug|Any CPU
		{5E421E7C-E234-4A50-8BAC-661C8DE91D67}.Release|Any CPU.ActiveCfg = Release|Any CPU
		{5E421E7C-E234-4A50-8BAC-661C8DE91D67}.Release|Any CPU.Build.0 = Release|Any CPU
		{50BE6842-26A2-4462-9321-A9B6AF608B5D}.Debug|Any CPU.ActiveCfg = Debug|Any CPU
		{50BE6842-26A2-4462-9321-A9B6AF608B5D}.Debug|Any CPU.Build.0 = Debug|Any CPU
		{50BE6842-26A2-4462-9321-A9B6AF608B5D}.Release|Any CPU.ActiveCfg = Release|Any CPU
		{50BE6842-26A2-4462-9321-A9B6AF608B5D}.Release|Any CPU.Build.0 = Release|Any CPU
	EndGlobalSection
	GlobalSection(SolutionProperties) = preSolution
		HideSolutionNode = FALSE
	EndGlobalSection
	GlobalSection(ExtensibilityGlobals) = postSolution
		SolutionGuid = {AECD125E-E595-415B-B1E8-87CAE0F6A013}
	EndGlobalSection
EndGlobal
